
Microsoft Visual Studio Solution File, Format Version 12.00
# Visual Studio Version 17
VisualStudioVersion = 17.3.32929.385
MinimumVisualStudioVersion = 10.0.40219.1
Project("{FAE04EC0-301F-11D3-BF4B-00C04F79EFBC}") = "Frbar.AzureServiceBus.Client", "Frbar.AzureServiceBus.Client.csproj", "{F67F94DB-3E7F-49E4-9945-D87894EC48BB}"
EndProject
Global
	GlobalSection(SolutionConfigurationPlatforms) = preSolution
		Debug|Any CPU = Debug|Any CPU
		Release|Any CPU = Release|Any CPU
	EndGlobalSection
	GlobalSection(ProjectConfigurationPlatforms) = postSolution
		{F67F94DB-3E7F-49E4-9945-D87894EC48BB}.Debug|Any CPU.ActiveCfg = Debug|Any CPU
		{F67F94DB-3E7F-49E4-9945-D87894EC48BB}.Debug|Any CPU.Build.0 = Debug|Any CPU
		{F67F94DB-3E7F-49E4-9945-D87894EC48BB}.Release|Any CPU.ActiveCfg = Release|Any CPU
		{F67F94DB-3E7F-49E4-9945-D87894EC48BB}.Release|Any CPU.Build.0 = Release|Any CPU
	EndGlobalSection
	GlobalSection(SolutionProperties) = preSolution
		HideSolutionNode = FALSE
	EndGlobalSection
	GlobalSection(ExtensibilityGlobals) = postSolution
		SolutionGuid = {D266C1B3-8E46-47A9-8ACC-8CAD7B0B8B92}
	EndGlobalSection
EndGlobal
